
Microsoft Visual Studio Solution File, Format Version 12.00
# Visual Studio Version 17
VisualStudioVersion = 17.3.32825.248
MinimumVisualStudioVersion = 10.0.40219.1
Project("{FAE04EC0-301F-11D3-BF4B-00C04F79EFBC}") = "Proyecto BD", "Proyecto BD\Proyecto BD.csproj", "{48CE4BEC-ED98-4D90-872C-A69AFC12E130}"
EndProject
Global
	GlobalSection(SolutionConfigurationPlatforms) = preSolution
		Debug|Any CPU = Debug|Any CPU
		Release|Any CPU = Release|Any CPU
	EndGlobalSection
	GlobalSection(ProjectConfigurationPlatforms) = postSolution
		{48CE4BEC-ED98-4D90-872C-A69AFC12E130}.Debug|Any CPU.ActiveCfg = Debug|Any CPU
		{48CE4BEC-ED98-4D90-872C-A69AFC12E130}.Debug|Any CPU.Build.0 = Debug|Any CPU
		{48CE4BEC-ED98-4D90-872C-A69AFC12E130}.Release|Any CPU.ActiveCfg = Release|Any CPU
		{48CE4BEC-ED98-4D90-872C-A69AFC12E130}.Release|Any CPU.Build.0 = Release|Any CPU
	EndGlobalSection
	GlobalSection(SolutionProperties) = preSolution
		HideSolutionNode = FALSE
	EndGlobalSection
	GlobalSection(ExtensibilityGlobals) = postSolution
		SolutionGuid = {6326336E-C68A-41C8-931D-ABC29D8A9B1A}
	EndGlobalSection
EndGlobal
